
Microsoft Visual Studio Solution File, Format Version 12.00
# Visual Studio Version 17
VisualStudioVersion = 17.1.32421.90
MinimumVisualStudioVersion = 10.0.40219.1
Project("{9A19103F-16F7-4668-BE54-9A1E7A4F7556}") = "TechEdu", "TechEdu\TechEdu.csproj", "{BD777687-845F-4893-B1ED-762EA8F73D54}"
EndProject
Project("{9A19103F-16F7-4668-BE54-9A1E7A4F7556}") = "TechEdu.Models", "TechEdu.Models\TechEdu.Models.csproj", "{CBFA55CF-793C-4811-A661-9040F65D2273}"
EndProject
Project("{FAE04EC0-301F-11D3-BF4B-00C04F79EFBC}") = "TechEdu.Services", "TechEdu.Services\TechEdu.Services.csproj", "{71177A3B-BD96-435E-BCF2-31993B918220}"
EndProject
Global
	GlobalSection(SolutionConfigurationPlatforms) = preSolution
		Debug|Any CPU = Debug|Any CPU
		Release|Any CPU = Release|Any CPU
	EndGlobalSection
	GlobalSection(ProjectConfigurationPlatforms) = postSolution
		{BD777687-845F-4893-B1ED-762EA8F73D54}.Debug|Any CPU.ActiveCfg = Debug|Any CPU
		{BD777687-845F-4893-B1ED-762EA8F73D54}.Debug|Any CPU.Build.0 = Debug|Any CPU
		{BD777687-845F-4893-B1ED-762EA8F73D54}.Release|Any CPU.ActiveCfg = Release|Any CPU
		{BD777687-845F-4893-B1ED-762EA8F73D54}.Release|Any CPU.Build.0 = Release|Any CPU
		{CBFA55CF-793C-4811-A661-9040F65D2273}.Debug|Any CPU.ActiveCfg = Debug|Any CPU
		{CBFA55CF-793C-4811-A661-9040F65D2273}.Debug|Any CPU.Build.0 = Debug|Any CPU
		{CBFA55CF-793C-4811-A661-9040F65D2273}.Release|Any CPU.ActiveCfg = Release|Any CPU
		{CBFA55CF-793C-4811-A661-9040F65D2273}.Release|Any CPU.Build.0 = Release|Any CPU
		{71177A3B-BD96-435E-BCF2-31993B918220}.Debug|Any CPU.ActiveCfg = Debug|Any CPU
		{71177A3B-BD96-435E-BCF2-31993B918220}.Debug|Any CPU.Build.0 = Debug|Any CPU
		{71177A3B-BD96-435E-BCF2-31993B918220}.Release|Any CPU.ActiveCfg = Release|Any CPU
		{71177A3B-BD96-435E-BCF2-31993B918220}.Release|Any CPU.Build.0 = Release|Any CPU
	EndGlobalSection
	GlobalSection(SolutionProperties) = preSolution
		HideSolutionNode = FALSE
	EndGlobalSection
	GlobalSection(ExtensibilityGlobals) = postSolution
		SolutionGuid = {6FFA4FFC-20E3-4FA3-9674-3E3C90FFFC6C}
	EndGlobalSection
EndGlobal
